
Microsoft Visual Studio Solution File, Format Version 12.00
# Visual Studio Version 17
VisualStudioVersion = 17.5.002.0
MinimumVisualStudioVersion = 10.0.40219.1
Project("{9A19103F-16F7-4668-BE54-9A1E7A4F7556}") = "MoneyChangeAPI", "MoneyChangeAPI.csproj", "{F0668F9C-4C81-46FD-84AB-0F88D1597431}"
EndProject
Global
	GlobalSection(SolutionConfigurationPlatforms) = preSolution
		Debug|Any CPU = Debug|Any CPU
		Release|Any CPU = Release|Any CPU
	EndGlobalSection
	GlobalSection(ProjectConfigurationPlatforms) = postSolution
		{F0668F9C-4C81-46FD-84AB-0F88D1597431}.Debug|Any CPU.ActiveCfg = Debug|Any CPU
		{F0668F9C-4C81-46FD-84AB-0F88D1597431}.Debug|Any CPU.Build.0 = Debug|Any CPU
		{F0668F9C-4C81-46FD-84AB-0F88D1597431}.Release|Any CPU.ActiveCfg = Release|Any CPU
		{F0668F9C-4C81-46FD-84AB-0F88D1597431}.Release|Any CPU.Build.0 = Release|Any CPU
	EndGlobalSection
	GlobalSection(SolutionProperties) = preSolution
		HideSolutionNode = FALSE
	EndGlobalSection
	GlobalSection(ExtensibilityGlobals) = postSolution
		SolutionGuid = {0441FDAC-9DC8-4C9F-A361-BC7A893E0D8A}
	EndGlobalSection
EndGlobal
